// !$*UTF8*$!
{
	archiveVersion = 1;
	classes = {
	};
	objectVersion = 46;
	objects = {

/* Begin PBXBuildFile section */
		1CA33DF71ADBD3270041E003 /* GTArrayDataSource.m in Sources */ = {isa = PBXBuildFile; fileRef = 1CA33DF11ADBD3270041E003 /* GTArrayDataSource.m */; };
		1CA33DF81ADBD3270041E003 /* GTTableViewDelegater.m in Sources */ = {isa = PBXBuildFile; fileRef = 1CA33DF31ADBD3270041E003 /* GTTableViewDelegater.m */; };
		1CA33DF91ADBD3270041E003 /* GTTableViewManager.m in Sources */ = {isa = PBXBuildFile; fileRef = 1CA33DF51ADBD3270041E003 /* GTTableViewManager.m */; };
		1CA33DFB1ADBD3980041E003 /* GTTableViewProtocol.h in Sources */ = {isa = PBXBuildFile; fileRef = 1CA33DF61ADBD3270041E003 /* GTTableViewProtocol.h */; };
		1CAE07AC1AD4D7C70021D79D /* RAMBounceAnimation.swift in Sources */ = {isa = PBXBuildFile; fileRef = 1CAE07A31AD4D7C70021D79D /* RAMBounceAnimation.swift */; };
		1CAE07AD1AD4D7C70021D79D /* RAMFrameItemAnimation.swift in Sources */ = {isa = PBXBuildFile; fileRef = 1CAE07A51AD4D7C70021D79D /* RAMFrameItemAnimation.swift */; };
		1CAE07AE1AD4D7C70021D79D /* RAMRotationAnimation.swift in Sources */ = {isa = PBXBuildFile; fileRef = 1CAE07A71AD4D7C70021D79D /* RAMRotationAnimation.swift */; };
		1CAE07AF1AD4D7C70021D79D /* RAMTransitionItemAnimation.swift in Sources */ = {isa = PBXBuildFile; fileRef = 1CAE07A91AD4D7C70021D79D /* RAMTransitionItemAnimation.swift */; };
		1CAE07B01AD4D7C70021D79D /* RAMAnimatedTabBarController.swift in Sources */ = {isa = PBXBuildFile; fileRef = 1CAE07AA1AD4D7C70021D79D /* RAMAnimatedTabBarController.swift */; };
		1CAE07B11AD4D7C70021D79D /* RAMItemAnimationProtocol.swift in Sources */ = {isa = PBXBuildFile; fileRef = 1CAE07AB1AD4D7C70021D79D /* RAMItemAnimationProtocol.swift */; };
		96045F8C1AD57932002ABA76 /* JWBaseViewController.m in Sources */ = {isa = PBXBuildFile; fileRef = 96045F8B1AD57932002ABA76 /* JWBaseViewController.m */; };
		96CBF7C01ACEDFAE008BB4BF /* main.m in Sources */ = {isa = PBXBuildFile; fileRef = 96CBF7BF1ACEDFAE008BB4BF /* main.m */; };
		96CBF7C31ACEDFAE008BB4BF /* AppDelegate.m in Sources */ = {isa = PBXBuildFile; fileRef = 96CBF7C21ACEDFAE008BB4BF /* AppDelegate.m */; };
		96CBF7C61ACEDFAE008BB4BF /* JWProject.xcdatamodeld in Sources */ = {isa = PBXBuildFile; fileRef = 96CBF7C41ACEDFAE008BB4BF /* JWProject.xcdatamodeld */; };
		96CBF7C91ACEDFAE008BB4BF /* ViewController.m in Sources */ = {isa = PBXBuildFile; fileRef = 96CBF7C81ACEDFAE008BB4BF /* ViewController.m */; };
		96CBF7CC1ACEDFAE008BB4BF /* Main.storyboard in Resources */ = {isa = PBXBuildFile; fileRef = 96CBF7CA1ACEDFAE008BB4BF /* Main.storyboard */; };
		96CBF7CE1ACEDFAE008BB4BF /* Images.xcassets in Resources */ = {isa = PBXBuildFile; fileRef = 96CBF7CD1ACEDFAE008BB4BF /* Images.xcassets */; };
		96CBF7D11ACEDFAE008BB4BF /* LaunchScreen.xib in Resources */ = {isa = PBXBuildFile; fileRef = 96CBF7CF1ACEDFAE008BB4BF /* LaunchScreen.xib */; };
		96CBF7DD1ACEDFAE008BB4BF /* JWProjectTests.m in Sources */ = {isa = PBXBuildFile; fileRef = 96CBF7DC1ACEDFAE008BB4BF /* JWProjectTests.m */; };
		96CBF7F31AD05CFF008BB4BF /* CoreDataStack.m in Sources */ = {isa = PBXBuildFile; fileRef = 96CBF7F21AD05CFF008BB4BF /* CoreDataStack.m */; };
		F48A278EB28EB5F8BB77ABA2 /* libPods-JWProject.a in Frameworks */ = {isa = PBXBuildFile; fileRef = A135C6B57EB4D6AD1203C00C /* libPods-JWProject.a */; };
/* End PBXBuildFile section */

/* Begin PBXContainerItemProxy section */
		96CBF7D71ACEDFAE008BB4BF /* PBXContainerItemProxy */ = {
			isa = PBXContainerItemProxy;
			containerPortal = 96CBF7B21ACEDFAE008BB4BF /* Project object */;
			proxyType = 1;
			remoteGlobalIDString = 96CBF7B91ACEDFAE008BB4BF;
			remoteInfo = JWProject;
		};
/* End PBXContainerItemProxy section */

/* Begin PBXFileReference section */
		1CA33DF01ADBD3270041E003 /* GTArrayDataSource.h */ = {isa = PBXFileReference; fileEncoding = 4; lastKnownFileType = sourcecode.c.h; path = GTArrayDataSource.h; sourceTree = "<group>"; };
		1CA33DF11ADBD3270041E003 /* GTArrayDataSource.m */ = {isa = PBXFileReference; fileEncoding = 4; lastKnownFileType = sourcecode.c.objc; path = GTArrayDataSource.m; sourceTree = "<group>"; };
		1CA33DF21ADBD3270041E003 /* GTTableViewDelegater.h */ = {isa = PBXFileReference; fileEncoding = 4; lastKnownFileType = sourcecode.c.h; path = GTTableViewDelegater.h; sourceTree = "<group>"; };
		1CA33DF31ADBD3270041E003 /* GTTableViewDelegater.m */ = {isa = PBXFileReference; fileEncoding = 4; lastKnownFileType = sourcecode.c.objc; path = GTTableViewDelegater.m; sourceTree = "<group>"; };
		1CA33DF41ADBD3270041E003 /* GTTableViewManager.h */ = {isa = PBXFileReference; fileEncoding = 4; lastKnownFileType = sourcecode.c.h; path = GTTableViewManager.h; sourceTree = "<group>"; };
		1CA33DF51ADBD3270041E003 /* GTTableViewManager.m */ = {isa = PBXFileReference; fileEncoding = 4; lastKnownFileType = sourcecode.c.objc; path = GTTableViewManager.m; sourceTree = "<group>"; };
		1CA33DF61ADBD3270041E003 /* GTTableViewProtocol.h */ = {isa = PBXFileReference; explicitFileType = sourcecode.c.objc; fileEncoding = 4; path = GTTableViewProtocol.h; sourceTree = "<group>"; };
		1CAE07A31AD4D7C70021D79D /* RAMBounceAnimation.swift */ = {isa = PBXFileReference; fileEncoding = 4; lastKnownFileType = sourcecode.swift; path = RAMBounceAnimation.swift; sourceTree = "<group>"; };
		1CAE07A51AD4D7C70021D79D /* RAMFrameItemAnimation.swift */ = {isa = PBXFileReference; fileEncoding = 4; lastKnownFileType = sourcecode.swift; path = RAMFrameItemAnimation.swift; sourceTree = "<group>"; };
		1CAE07A71AD4D7C70021D79D /* RAMRotationAnimation.swift */ = {isa = PBXFileReference; fileEncoding = 4; lastKnownFileType = sourcecode.swift; path = RAMRotationAnimation.swift; sourceTree = "<group>"; };
		1CAE07A91AD4D7C70021D79D /* RAMTransitionItemAnimation.swift */ = {isa = PBXFileReference; fileEncoding = 4; lastKnownFileType = sourcecode.swift; path = RAMTransitionItemAnimation.swift; sourceTree = "<group>"; };
		1CAE07AA1AD4D7C70021D79D /* RAMAnimatedTabBarController.swift */ = {isa = PBXFileReference; fileEncoding = 4; lastKnownFileType = sourcecode.swift; path = RAMAnimatedTabBarController.swift; sourceTree = "<group>"; };
		1CAE07AB1AD4D7C70021D79D /* RAMItemAnimationProtocol.swift */ = {isa = PBXFileReference; fileEncoding = 4; lastKnownFileType = sourcecode.swift; path = RAMItemAnimationProtocol.swift; sourceTree = "<group>"; };
		4A883E5BAF17C792AB015CBC /* Pods-JWProject.debug.xcconfig */ = {isa = PBXFileReference; includeInIndex = 1; lastKnownFileType = text.xcconfig; name = "Pods-JWProject.debug.xcconfig"; path = "Pods/Target Support Files/Pods-JWProject/Pods-JWProject.debug.xcconfig"; sourceTree = "<group>"; };
		96045F8A1AD57932002ABA76 /* JWBaseViewController.h */ = {isa = PBXFileReference; fileEncoding = 4; lastKnownFileType = sourcecode.c.h; path = JWBaseViewController.h; sourceTree = "<group>"; };
		96045F8B1AD57932002ABA76 /* JWBaseViewController.m */ = {isa = PBXFileReference; fileEncoding = 4; lastKnownFileType = sourcecode.c.objc; path = JWBaseViewController.m; sourceTree = "<group>"; };
		96CBF7BA1ACEDFAE008BB4BF /* JWProject.app */ = {isa = PBXFileReference; explicitFileType = wrapper.application; includeInIndex = 0; path = JWProject.app; sourceTree = BUILT_PRODUCTS_DIR; };
		96CBF7BE1ACEDFAE008BB4BF /* Info.plist */ = {isa = PBXFileReference; lastKnownFileType = text.plist.xml; path = Info.plist; sourceTree = "<group>"; };
		96CBF7BF1ACEDFAE008BB4BF /* main.m */ = {isa = PBXFileReference; lastKnownFileType = sourcecode.c.objc; path = main.m; sourceTree = "<group>"; };
		96CBF7C11ACEDFAE008BB4BF /* AppDelegate.h */ = {isa = PBXFileReference; lastKnownFileType = sourcecode.c.h; path = AppDelegate.h; sourceTree = "<group>"; };
		96CBF7C21ACEDFAE008BB4BF /* AppDelegate.m */ = {isa = PBXFileReference; lastKnownFileType = sourcecode.c.objc; path = AppDelegate.m; sourceTree = "<group>"; };
		96CBF7C51ACEDFAE008BB4BF /* JWProject.xcdatamodel */ = {isa = PBXFileReference; lastKnownFileType = wrapper.xcdatamodel; path = JWProject.xcdatamodel; sourceTree = "<group>"; };
		96CBF7C71ACEDFAE008BB4BF /* ViewController.h */ = {isa = PBXFileReference; lastKnownFileType = sourcecode.c.h; path = ViewController.h; sourceTree = "<group>"; };
		96CBF7C81ACEDFAE008BB4BF /* ViewController.m */ = {isa = PBXFileReference; lastKnownFileType = sourcecode.c.objc; path = ViewController.m; sourceTree = "<group>"; };
		96CBF7CB1ACEDFAE008BB4BF /* Base */ = {isa = PBXFileReference; lastKnownFileType = file.storyboard; name = Base; path = Base.lproj/Main.storyboard; sourceTree = "<group>"; };
		96CBF7CD1ACEDFAE008BB4BF /* Images.xcassets */ = {isa = PBXFileReference; lastKnownFileType = folder.assetcatalog; path = Images.xcassets; sourceTree = "<group>"; };
		96CBF7D01ACEDFAE008BB4BF /* Base */ = {isa = PBXFileReference; lastKnownFileType = file.xib; name = Base; path = Base.lproj/LaunchScreen.xib; sourceTree = "<group>"; };
		96CBF7D61ACEDFAE008BB4BF /* JWProjectTests.xctest */ = {isa = PBXFileReference; explicitFileType = wrapper.cfbundle; includeInIndex = 0; path = JWProjectTests.xctest; sourceTree = BUILT_PRODUCTS_DIR; };
		96CBF7DB1ACEDFAE008BB4BF /* Info.plist */ = {isa = PBXFileReference; lastKnownFileType = text.plist.xml; path = Info.plist; sourceTree = "<group>"; };
		96CBF7DC1ACEDFAE008BB4BF /* JWProjectTests.m */ = {isa = PBXFileReference; lastKnownFileType = sourcecode.c.objc; path = JWProjectTests.m; sourceTree = "<group>"; };
		96CBF7F11AD05CFF008BB4BF /* CoreDataStack.h */ = {isa = PBXFileReference; fileEncoding = 4; lastKnownFileType = sourcecode.c.h; path = CoreDataStack.h; sourceTree = "<group>"; };
		96CBF7F21AD05CFF008BB4BF /* CoreDataStack.m */ = {isa = PBXFileReference; fileEncoding = 4; lastKnownFileType = sourcecode.c.objc; path = CoreDataStack.m; sourceTree = "<group>"; };
		9728C8F3F34CCDBFB1C0B7D7 /* Pods-JWProject.release.xcconfig */ = {isa = PBXFileReference; includeInIndex = 1; lastKnownFileType = text.xcconfig; name = "Pods-JWProject.release.xcconfig"; path = "Pods/Target Support Files/Pods-JWProject/Pods-JWProject.release.xcconfig"; sourceTree = "<group>"; };
		A135C6B57EB4D6AD1203C00C /* libPods-JWProject.a */ = {isa = PBXFileReference; explicitFileType = archive.ar; includeInIndex = 0; path = "libPods-JWProject.a"; sourceTree = BUILT_PRODUCTS_DIR; };
/* End PBXFileReference section */

/* Begin PBXFrameworksBuildPhase section */
		96CBF7B71ACEDFAE008BB4BF /* Frameworks */ = {
			isa = PBXFrameworksBuildPhase;
			buildActionMask = 2147483647;
			files = (
				F48A278EB28EB5F8BB77ABA2 /* libPods-JWProject.a in Frameworks */,
			);
			runOnlyForDeploymentPostprocessing = 0;
		};
		96CBF7D31ACEDFAE008BB4BF /* Frameworks */ = {
			isa = PBXFrameworksBuildPhase;
			buildActionMask = 2147483647;
			files = (
			);
			runOnlyForDeploymentPostprocessing = 0;
		};
/* End PBXFrameworksBuildPhase section */

/* Begin PBXGroup section */
		1CA33DEF1ADBD0750041E003 /* Common */ = {
			isa = PBXGroup;
			children = (
				1CA33DFA1ADBD32F0041E003 /* TableViewManager */,
				1CA33DFC1ADBD6880041E003 /* Base */,
			);
			name = Common;
			sourceTree = "<group>";
		};
		1CA33DFA1ADBD32F0041E003 /* TableViewManager */ = {
			isa = PBXGroup;
			children = (
				1CA33DF01ADBD3270041E003 /* GTArrayDataSource.h */,
				1CA33DF11ADBD3270041E003 /* GTArrayDataSource.m */,
				1CA33DF21ADBD3270041E003 /* GTTableViewDelegater.h */,
				1CA33DF31ADBD3270041E003 /* GTTableViewDelegater.m */,
				1CA33DF41ADBD3270041E003 /* GTTableViewManager.h */,
				1CA33DF51ADBD3270041E003 /* GTTableViewManager.m */,
				1CA33DF61ADBD3270041E003 /* GTTableViewProtocol.h */,
			);
			name = TableViewManager;
			sourceTree = "<group>";
		};
		1CA33DFC1ADBD6880041E003 /* Base */ = {
			isa = PBXGroup;
			children = (
				1CA33DFF1ADBD6C90041E003 /* BaseModel */,
				1CA33DFE1ADBD6AE0041E003 /* BaseView */,
				1CA33DFD1ADBD6990041E003 /* BaseController */,
			);
			name = Base;
			sourceTree = "<group>";
		};
		1CA33DFD1ADBD6990041E003 /* BaseController */ = {
			isa = PBXGroup;
			children = (
				96045F8A1AD57932002ABA76 /* JWBaseViewController.h */,
				96045F8B1AD57932002ABA76 /* JWBaseViewController.m */,
			);
			name = BaseController;
			sourceTree = "<group>";
		};
		1CA33DFE1ADBD6AE0041E003 /* BaseView */ = {
			isa = PBXGroup;
			children = (
			);
			name = BaseView;
			sourceTree = "<group>";
		};
		1CA33DFF1ADBD6C90041E003 /* BaseModel */ = {
			isa = PBXGroup;
			children = (
			);
			name = BaseModel;
			sourceTree = "<group>";
		};
		1CAE079F1AD4D7590021D79D /* Extern */ = {
			isa = PBXGroup;
			children = (
				1CAE07A01AD4D7C70021D79D /* RAMAnimatedTabBarController */,
			);
			name = Extern;
			sourceTree = "<group>";
		};
		1CAE07A01AD4D7C70021D79D /* RAMAnimatedTabBarController */ = {
			isa = PBXGroup;
			children = (
				1CAE07A11AD4D7C70021D79D /* Animations */,
				1CAE07AA1AD4D7C70021D79D /* RAMAnimatedTabBarController.swift */,
				1CAE07AB1AD4D7C70021D79D /* RAMItemAnimationProtocol.swift */,
			);
			path = RAMAnimatedTabBarController;
			sourceTree = "<group>";
		};
		1CAE07A11AD4D7C70021D79D /* Animations */ = {
			isa = PBXGroup;
			children = (
				1CAE07A21AD4D7C70021D79D /* BounceAnimation */,
				1CAE07A41AD4D7C70021D79D /* FrameAnimation */,
				1CAE07A61AD4D7C70021D79D /* RotationAnimation */,
				1CAE07A81AD4D7C70021D79D /* TransitionAniamtions */,
			);
			path = Animations;
			sourceTree = "<group>";
		};
		1CAE07A21AD4D7C70021D79D /* BounceAnimation */ = {
			isa = PBXGroup;
			children = (
				1CAE07A31AD4D7C70021D79D /* RAMBounceAnimation.swift */,
			);
			path = BounceAnimation;
			sourceTree = "<group>";
		};
		1CAE07A41AD4D7C70021D79D /* FrameAnimation */ = {
			isa = PBXGroup;
			children = (
				1CAE07A51AD4D7C70021D79D /* RAMFrameItemAnimation.swift */,
			);
			path = FrameAnimation;
			sourceTree = "<group>";
		};
		1CAE07A61AD4D7C70021D79D /* RotationAnimation */ = {
			isa = PBXGroup;
			children = (
				1CAE07A71AD4D7C70021D79D /* RAMRotationAnimation.swift */,
			);
			path = RotationAnimation;
			sourceTree = "<group>";
		};
		1CAE07A81AD4D7C70021D79D /* TransitionAniamtions */ = {
			isa = PBXGroup;
			children = (
				1CAE07A91AD4D7C70021D79D /* RAMTransitionItemAnimation.swift */,
			);
			path = TransitionAniamtions;
			sourceTree = "<group>";
		};
		7FAF01F92CB8B8024FF6B343 /* Frameworks */ = {
			isa = PBXGroup;
			children = (
				A135C6B57EB4D6AD1203C00C /* libPods-JWProject.a */,
			);
			name = Frameworks;
			sourceTree = "<group>";
		};
		96CBF7B11ACEDFAE008BB4BF = {
			isa = PBXGroup;
			children = (
				96CBF7BC1ACEDFAE008BB4BF /* JWProject */,
				96CBF7D91ACEDFAE008BB4BF /* JWProjectTests */,
				96CBF7BB1ACEDFAE008BB4BF /* Products */,
				B265CA70F409BA89B153B447 /* Pods */,
				7FAF01F92CB8B8024FF6B343 /* Frameworks */,
			);
			sourceTree = "<group>";
		};
		96CBF7BB1ACEDFAE008BB4BF /* Products */ = {
			isa = PBXGroup;
			children = (
				96CBF7BA1ACEDFAE008BB4BF /* JWProject.app */,
				96CBF7D61ACEDFAE008BB4BF /* JWProjectTests.xctest */,
			);
			name = Products;
			sourceTree = "<group>";
		};
		96CBF7BC1ACEDFAE008BB4BF /* JWProject */ = {
			isa = PBXGroup;
			children = (
				96CBF7C11ACEDFAE008BB4BF /* AppDelegate.h */,
				96CBF7C21ACEDFAE008BB4BF /* AppDelegate.m */,
				96CBF7C71ACEDFAE008BB4BF /* ViewController.h */,
				96CBF7C81ACEDFAE008BB4BF /* ViewController.m */,
				96CBF7CA1ACEDFAE008BB4BF /* Main.storyboard */,
				96CBF7CD1ACEDFAE008BB4BF /* Images.xcassets */,
				96CBF7CF1ACEDFAE008BB4BF /* LaunchScreen.xib */,
				96CBF7C41ACEDFAE008BB4BF /* JWProject.xcdatamodeld */,
				1CA33DEF1ADBD0750041E003 /* Common */,
				96CBF7F41AD05D04008BB4BF /* Core Data */,
				1CAE079F1AD4D7590021D79D /* Extern */,
				96CBF7BD1ACEDFAE008BB4BF /* Supporting Files */,
			);
			path = JWProject;
			sourceTree = "<group>";
		};
		96CBF7BD1ACEDFAE008BB4BF /* Supporting Files */ = {
			isa = PBXGroup;
			children = (
				96CBF7BE1ACEDFAE008BB4BF /* Info.plist */,
				96CBF7BF1ACEDFAE008BB4BF /* main.m */,
			);
			name = "Supporting Files";
			sourceTree = "<group>";
		};
		96CBF7D91ACEDFAE008BB4BF /* JWProjectTests */ = {
			isa = PBXGroup;
			children = (
				96CBF7DC1ACEDFAE008BB4BF /* JWProjectTests.m */,
				96CBF7DA1ACEDFAE008BB4BF /* Supporting Files */,
			);
			path = JWProjectTests;
			sourceTree = "<group>";
		};
		96CBF7DA1ACEDFAE008BB4BF /* Supporting Files */ = {
			isa = PBXGroup;
			children = (
				96CBF7DB1ACEDFAE008BB4BF /* Info.plist */,
			);
			name = "Supporting Files";
			sourceTree = "<group>";
		};
		96CBF7F41AD05D04008BB4BF /* Core Data */ = {
			isa = PBXGroup;
			children = (
				96CBF7F11AD05CFF008BB4BF /* CoreDataStack.h */,
				96CBF7F21AD05CFF008BB4BF /* CoreDataStack.m */,
			);
			name = "Core Data";
			sourceTree = "<group>";
		};
		B265CA70F409BA89B153B447 /* Pods */ = {
			isa = PBXGroup;
			children = (
				4A883E5BAF17C792AB015CBC /* Pods-JWProject.debug.xcconfig */,
				9728C8F3F34CCDBFB1C0B7D7 /* Pods-JWProject.release.xcconfig */,
			);
			name = Pods;
			sourceTree = "<group>";
		};
/* End PBXGroup section */

/* Begin PBXNativeTarget section */
		96CBF7B91ACEDFAE008BB4BF /* JWProject */ = {
			isa = PBXNativeTarget;
			buildConfigurationList = 96CBF7E01ACEDFAE008BB4BF /* Build configuration list for PBXNativeTarget "JWProject" */;
			buildPhases = (
				A7B85F179801FEDB0BD7F8E8 /* Check Pods Manifest.lock */,
				96CBF7B61ACEDFAE008BB4BF /* Sources */,
				96CBF7B71ACEDFAE008BB4BF /* Frameworks */,
				96CBF7B81ACEDFAE008BB4BF /* Resources */,
				5EFB83BF65D01709C839BE83 /* Copy Pods Resources */,
			);
			buildRules = (
			);
			dependencies = (
			);
			name = JWProject;
			productName = JWProject;
			productReference = 96CBF7BA1ACEDFAE008BB4BF /* JWProject.app */;
			productType = "com.apple.product-type.application";
		};
		96CBF7D51ACEDFAE008BB4BF /* JWProjectTests */ = {
			isa = PBXNativeTarget;
			buildConfigurationList = 96CBF7E31ACEDFAE008BB4BF /* Build configuration list for PBXNativeTarget "JWProjectTests" */;
			buildPhases = (
				96CBF7D21ACEDFAE008BB4BF /* Sources */,
				96CBF7D31ACEDFAE008BB4BF /* Frameworks */,
				96CBF7D41ACEDFAE008BB4BF /* Resources */,
			);
			buildRules = (
			);
			dependencies = (
				96CBF7D81ACEDFAE008BB4BF /* PBXTargetDependency */,
			);
			name = JWProjectTests;
			productName = JWProjectTests;
			productReference = 96CBF7D61ACEDFAE008BB4BF /* JWProjectTests.xctest */;
			productType = "com.apple.product-type.bundle.unit-test";
		};
/* End PBXNativeTarget section */

/* Begin PBXProject section */
		96CBF7B21ACEDFAE008BB4BF /* Project object */ = {
			isa = PBXProject;
			attributes = {
				LastUpgradeCheck = 0620;
				ORGANIZATIONNAME = "JW Studio";
				TargetAttributes = {
					96CBF7B91ACEDFAE008BB4BF = {
						CreatedOnToolsVersion = 6.2;
					};
					96CBF7D51ACEDFAE008BB4BF = {
						CreatedOnToolsVersion = 6.2;
						TestTargetID = 96CBF7B91ACEDFAE008BB4BF;
					};
				};
			};
			buildConfigurationList = 96CBF7B51ACEDFAE008BB4BF /* Build configuration list for PBXProject "JWProject" */;
			compatibilityVersion = "Xcode 3.2";
			developmentRegion = English;
			hasScannedForEncodings = 0;
			knownRegions = (
				en,
				Base,
			);
			mainGroup = 96CBF7B11ACEDFAE008BB4BF;
			productRefGroup = 96CBF7BB1ACEDFAE008BB4BF /* Products */;
			projectDirPath = "";
			projectRoot = "";
			targets = (
				96CBF7B91ACEDFAE008BB4BF /* JWProject */,
				96CBF7D51ACEDFAE008BB4BF /* JWProjectTests */,
			);
		};
/* End PBXProject section */

/* Begin PBXResourcesBuildPhase section */
		96CBF7B81ACEDFAE008BB4BF /* Resources */ = {
			isa = PBXResourcesBuildPhase;
			buildActionMask = 2147483647;
			files = (
				96CBF7CC1ACEDFAE008BB4BF /* Main.storyboard in Resources */,
				96CBF7D11ACEDFAE008BB4BF /* LaunchScreen.xib in Resources */,
				96CBF7CE1ACEDFAE008BB4BF /* Images.xcassets in Resources */,
			);
			runOnlyForDeploymentPostprocessing = 0;
		};
		96CBF7D41ACEDFAE008BB4BF /* Resources */ = {
			isa = PBXResourcesBuildPhase;
			buildActionMask = 2147483647;
			files = (
			);
			runOnlyForDeploymentPostprocessing = 0;
		};
/* End PBXResourcesBuildPhase section */

/* Begin PBXShellScriptBuildPhase section */
		5EFB83BF65D01709C839BE83 /* Copy Pods Resources */ = {
			isa = PBXShellScriptBuildPhase;
			buildActionMask = 2147483647;
			files = (
			);
			inputPaths = (
			);
			name = "Copy Pods Resources";
			outputPaths = (
			);
			runOnlyForDeploymentPostprocessing = 0;
			shellPath = /bin/sh;
			shellScript = "\"${SRCROOT}/Pods/Target Support Files/Pods-JWProject/Pods-JWProject-resources.sh\"\n";
			showEnvVarsInLog = 0;
		};
		A7B85F179801FEDB0BD7F8E8 /* Check Pods Manifest.lock */ = {
			isa = PBXShellScriptBuildPhase;
			buildActionMask = 2147483647;
			files = (
			);
			inputPaths = (
			);
			name = "Check Pods Manifest.lock";
			outputPaths = (
			);
			runOnlyForDeploymentPostprocessing = 0;
			shellPath = /bin/sh;
			shellScript = "diff \"${PODS_ROOT}/../Podfile.lock\" \"${PODS_ROOT}/Manifest.lock\" > /dev/null\nif [[ $? != 0 ]] ; then\n    cat << EOM\nerror: The sandbox is not in sync with the Podfile.lock. Run 'pod install' or update your CocoaPods installation.\nEOM\n    exit 1\nfi\n";
			showEnvVarsInLog = 0;
		};
/* End PBXShellScriptBuildPhase section */

/* Begin PBXSourcesBuildPhase section */
		96CBF7B61ACEDFAE008BB4BF /* Sources */ = {
			isa = PBXSourcesBuildPhase;
			buildActionMask = 2147483647;
			files = (
				1CA33DF71ADBD3270041E003 /* GTArrayDataSource.m in Sources */,
				96045F8C1AD57932002ABA76 /* JWBaseViewController.m in Sources */,
				1CAE07B11AD4D7C70021D79D /* RAMItemAnimationProtocol.swift in Sources */,
				96CBF7F31AD05CFF008BB4BF /* CoreDataStack.m in Sources */,
				1CA33DF91ADBD3270041E003 /* GTTableViewManager.m in Sources */,
				1CAE07B01AD4D7C70021D79D /* RAMAnimatedTabBarController.swift in Sources */,
				1CAE07AF1AD4D7C70021D79D /* RAMTransitionItemAnimation.swift in Sources */,
				96CBF7C61ACEDFAE008BB4BF /* JWProject.xcdatamodeld in Sources */,
				96CBF7C31ACEDFAE008BB4BF /* AppDelegate.m in Sources */,
				1CAE07AC1AD4D7C70021D79D /* RAMBounceAnimation.swift in Sources */,
				1CAE07AD1AD4D7C70021D79D /* RAMFrameItemAnimation.swift in Sources */,
				1CA33DFB1ADBD3980041E003 /* GTTableViewProtocol.h in Sources */,
				1CAE07AE1AD4D7C70021D79D /* RAMRotationAnimation.swift in Sources */,
				96CBF7C91ACEDFAE008BB4BF /* ViewController.m in Sources */,
				1CA33DF81ADBD3270041E003 /* GTTableViewDelegater.m in Sources */,
				96CBF7C01ACEDFAE008BB4BF /* main.m in Sources */,
			);
			runOnlyForDeploymentPostprocessing = 0;
		};
		96CBF7D21ACEDFAE008BB4BF /* Sources */ = {
			isa = PBXSourcesBuildPhase;
			buildActionMask = 2147483647;
			files = (
				96CBF7DD1ACEDFAE008BB4BF /* JWProjectTests.m in Sources */,
			);
			runOnlyForDeploymentPostprocessing = 0;
		};
/* End PBXSourcesBuildPhase section */

/* Begin PBXTargetDependency section */
		96CBF7D81ACEDFAE008BB4BF /* PBXTargetDependency */ = {
			isa = PBXTargetDependency;
			target = 96CBF7B91ACEDFAE008BB4BF /* JWProject */;
			targetProxy = 96CBF7D71ACEDFAE008BB4BF /* PBXContainerItemProxy */;
		};
/* End PBXTargetDependency section */

/* Begin PBXVariantGroup section */
		96CBF7CA1ACEDFAE008BB4BF /* Main.storyboard */ = {
			isa = PBXVariantGroup;
			children = (
				96CBF7CB1ACEDFAE008BB4BF /* Base */,
			);
			name = Main.storyboard;
			sourceTree = "<group>";
		};
		96CBF7CF1ACEDFAE008BB4BF /* LaunchScreen.xib */ = {
			isa = PBXVariantGroup;
			children = (
				96CBF7D01ACEDFAE008BB4BF /* Base */,
			);
			name = LaunchScreen.xib;
			sourceTree = "<group>";
		};
/* End PBXVariantGroup section */

/* Begin XCBuildConfiguration section */
		96CBF7DE1ACEDFAE008BB4BF /* Debug */ = {
			isa = XCBuildConfiguration;
			buildSettings = {
				ALWAYS_SEARCH_USER_PATHS = NO;
				CLANG_CXX_LANGUAGE_STANDARD = "gnu++0x";
				CLANG_CXX_LIBRARY = "libc++";
				CLANG_ENABLE_MODULES = YES;
				CLANG_ENABLE_OBJC_ARC = YES;
				CLANG_WARN_BOOL_CONVERSION = YES;
				CLANG_WARN_CONSTANT_CONVERSION = YES;
				CLANG_WARN_DIRECT_OBJC_ISA_USAGE = YES_ERROR;
				CLANG_WARN_EMPTY_BODY = YES;
				CLANG_WARN_ENUM_CONVERSION = YES;
				CLANG_WARN_INT_CONVERSION = YES;
				CLANG_WARN_OBJC_ROOT_CLASS = YES_ERROR;
				CLANG_WARN_UNREACHABLE_CODE = YES;
				CLANG_WARN__DUPLICATE_METHOD_MATCH = YES;
				"CODE_SIGN_IDENTITY[sdk=iphoneos*]" = "iPhone Developer";
				COPY_PHASE_STRIP = NO;
				ENABLE_STRICT_OBJC_MSGSEND = YES;
				GCC_C_LANGUAGE_STANDARD = gnu99;
				GCC_DYNAMIC_NO_PIC = NO;
				GCC_OPTIMIZATION_LEVEL = 0;
				GCC_PREPROCESSOR_DEFINITIONS = (
					"DEBUG=1",
					"$(inherited)",
				);
				GCC_SYMBOLS_PRIVATE_EXTERN = NO;
				GCC_WARN_64_TO_32_BIT_CONVERSION = YES;
				GCC_WARN_ABOUT_RETURN_TYPE = YES_ERROR;
				GCC_WARN_UNDECLARED_SELECTOR = YES;
				GCC_WARN_UNINITIALIZED_AUTOS = YES_AGGRESSIVE;
				GCC_WARN_UNUSED_FUNCTION = YES;
				GCC_WARN_UNUSED_VARIABLE = YES;
				IPHONEOS_DEPLOYMENT_TARGET = 8.2;
				MTL_ENABLE_DEBUG_INFO = YES;
				ONLY_ACTIVE_ARCH = YES;
				SDKROOT = iphoneos;
			};
			name = Debug;
		};
		96CBF7DF1ACEDFAE008BB4BF /* Release */ = {
			isa = XCBuildConfiguration;
			buildSettings = {
				ALWAYS_SEARCH_USER_PATHS = NO;
				CLANG_CXX_LANGUAGE_STANDARD = "gnu++0x";
				CLANG_CXX_LIBRARY = "libc++";
				CLANG_ENABLE_MODULES = YES;
				CLANG_ENABLE_OBJC_ARC = YES;
				CLANG_WARN_BOOL_CONVERSION = YES;
				CLANG_WARN_CONSTANT_CONVERSION = YES;
				CLANG_WARN_DIRECT_OBJC_ISA_USAGE = YES_ERROR;
				CLANG_WARN_EMPTY_BODY = YES;
				CLANG_WARN_ENUM_CONVERSION = YES;
				CLANG_WARN_INT_CONVERSION = YES;
				CLANG_WARN_OBJC_ROOT_CLASS = YES_ERROR;
				CLANG_WARN_UNREACHABLE_CODE = YES;
				CLANG_WARN__DUPLICATE_METHOD_MATCH = YES;
				"CODE_SIGN_IDENTITY[sdk=iphoneos*]" = "iPhone Developer";
				COPY_PHASE_STRIP = NO;
				ENABLE_NS_ASSERTIONS = NO;
				ENABLE_STRICT_OBJC_MSGSEND = YES;
				GCC_C_LANGUAGE_STANDARD = gnu99;
				GCC_WARN_64_TO_32_BIT_CONVERSION = YES;
				GCC_WARN_ABOUT_RETURN_TYPE = YES_ERROR;
				GCC_WARN_UNDECLARED_SELECTOR = YES;
				GCC_WARN_UNINITIALIZED_AUTOS = YES_AGGRESSIVE;
				GCC_WARN_UNUSED_FUNCTION = YES;
				GCC_WARN_UNUSED_VARIABLE = YES;
				IPHONEOS_DEPLOYMENT_TARGET = 8.2;
				MTL_ENABLE_DEBUG_INFO = NO;
				SDKROOT = iphoneos;
				VALIDATE_PRODUCT = YES;
			};
			name = Release;
		};
		96CBF7E11ACEDFAE008BB4BF /* Debug */ = {
			isa = XCBuildConfiguration;
			baseConfigurationReference = 4A883E5BAF17C792AB015CBC /* Pods-JWProject.debug.xcconfig */;
			buildSettings = {
				ASSETCATALOG_COMPILER_APPICON_NAME = AppIcon;
				INFOPLIST_FILE = JWProject/Info.plist;
				LD_RUNPATH_SEARCH_PATHS = "$(inherited) @executable_path/Frameworks";
				PRODUCT_NAME = "$(TARGET_NAME)";
			};
			name = Debug;
		};
		96CBF7E21ACEDFAE008BB4BF /* Release */ = {
			isa = XCBuildConfiguration;
			baseConfigurationReference = 9728C8F3F34CCDBFB1C0B7D7 /* Pods-JWProject.release.xcconfig */;
			buildSettings = {
				ASSETCATALOG_COMPILER_APPICON_NAME = AppIcon;
				INFOPLIST_FILE = JWProject/Info.plist;
				LD_RUNPATH_SEARCH_PATHS = "$(inherited) @executable_path/Frameworks";
				PRODUCT_NAME = "$(TARGET_NAME)";
			};
			name = Release;
		};
		96CBF7E41ACEDFAE008BB4BF /* Debug */ = {
			isa = XCBuildConfiguration;
			buildSettings = {
				BUNDLE_LOADER = "$(TEST_HOST)";
				FRAMEWORK_SEARCH_PATHS = (
					"$(SDKROOT)/Developer/Library/Frameworks",
					"$(inherited)",
				);
				GCC_PREPROCESSOR_DEFINITIONS = (
					"DEBUG=1",
					"$(inherited)",
				);
				INFOPLIST_FILE = JWProjectTests/Info.plist;
				LD_RUNPATH_SEARCH_PATHS = "$(inherited) @executable_path/Frameworks @loader_path/Frameworks";
				PRODUCT_NAME = "$(TARGET_NAME)";
				TEST_HOST = "$(BUILT_PRODUCTS_DIR)/JWProject.app/JWProject";
			};
			name = Debug;
		};
		96CBF7E51ACEDFAE008BB4BF /* Release */ = {
			isa = XCBuildConfiguration;
			buildSettings = {
				BUNDLE_LOADER = "$(TEST_HOST)";
				FRAMEWORK_SEARCH_PATHS = (
					"$(SDKROOT)/Developer/Library/Frameworks",
					"$(inherited)",
				);
				INFOPLIST_FILE = JWProjectTests/Info.plist;
				LD_RUNPATH_SEARCH_PATHS = "$(inherited) @executable_path/Frameworks @loader_path/Frameworks";
				PRODUCT_NAME = "$(TARGET_NAME)";
				TEST_HOST = "$(BUILT_PRODUCTS_DIR)/JWProject.app/JWProject";
			};
			name = Release;
		};
/* End XCBuildConfiguration section */

/* Begin XCConfigurationList section */
		96CBF7B51ACEDFAE008BB4BF /* Build configuration list for PBXProject "JWProject" */ = {
			isa = XCConfigurationList;
			buildConfigurations = (
				96CBF7DE1ACEDFAE008BB4BF /* Debug */,
				96CBF7DF1ACEDFAE008BB4BF /* Release */,
			);
			defaultConfigurationIsVisible = 0;
			defaultConfigurationName = Release;
		};
		96CBF7E01ACEDFAE008BB4BF /* Build configuration list for PBXNativeTarget "JWProject" */ = {
			isa = XCConfigurationList;
			buildConfigurations = (
				96CBF7E11ACEDFAE008BB4BF /* Debug */,
				96CBF7E21ACEDFAE008BB4BF /* Release */,
			);
			defaultConfigurationIsVisible = 0;
			defaultConfigurationName = Release;
		};
		96CBF7E31ACEDFAE008BB4BF /* Build configuration list for PBXNativeTarget "JWProjectTests" */ = {
			isa = XCConfigurationList;
			buildConfigurations = (
				96CBF7E41ACEDFAE008BB4BF /* Debug */,
				96CBF7E51ACEDFAE008BB4BF /* Release */,
			);
			defaultConfigurationIsVisible = 0;
			defaultConfigurationName = Release;
		};
/* End XCConfigurationList section */

/* Begin XCVersionGroup section */
		96CBF7C41ACEDFAE008BB4BF /* JWProject.xcdatamodeld */ = {
			isa = XCVersionGroup;
			children = (
				96CBF7C51ACEDFAE008BB4BF /* JWProject.xcdatamodel */,
			);
			currentVersion = 96CBF7C51ACEDFAE008BB4BF /* JWProject.xcdatamodel */;
			path = JWProject.xcdatamodeld;
			sourceTree = "<group>";
			versionGroupType = wrapper.xcdatamodel;
		};
/* End XCVersionGroup section */
	};
	rootObject = 96CBF7B21ACEDFAE008BB4BF /* Project object */;
}
